
Microsoft Visual Studio Solution File, Format Version 12.00
# Visual Studio Version 16
VisualStudioVersion = 16.0.29215.179
MinimumVisualStudioVersion = 10.0.40219.1
Project("{2150E333-8FDC-42A3-9474-1A3956D46DE8}") = "Microservices", "Microservices", "{A829DC01-9815-4BAA-A46C-EF818452B6CE}"
EndProject
Project("{2150E333-8FDC-42A3-9474-1A3956D46DE8}") = "Domain", "Domain", "{4CABB139-88F3-4673-BFD4-76D7F4031C34}"
EndProject
Project("{2150E333-8FDC-42A3-9474-1A3956D46DE8}") = "Infra.Bus", "Infra.Bus", "{43A4631E-7C4D-4DA2-9968-2226B69863D2}"
EndProject
Project("{2150E333-8FDC-42A3-9474-1A3956D46DE8}") = "Infra.IoC", "Infra.IoC", "{E9DA3A0F-82FC-4B8C-88A6-4E191A83B34D}"
EndProject
Project("{2150E333-8FDC-42A3-9474-1A3956D46DE8}") = "Presentation", "Presentation", "{3BF45D49-166F-4126-8CC7-98903BA19040}"
EndProject
Project("{9A19103F-16F7-4668-BE54-9A1E7A4F7556}") = "MicroRabbit.Domain.Core", "MicroRabbit.Domain.Core\MicroRabbit.Domain.Core.csproj", "{0649230B-549B-4B41-BC79-B2337A872AA1}"
EndProject
Project("{FAE04EC0-301F-11D3-BF4B-00C04F79EFBC}") = "MicroRabbit.Infra.Bus", "MicroRabbit.Infra.Bus\MicroRabbit.Infra.Bus.csproj", "{5288F717-6AA6-4DA1-ABA3-C78318246EDD}"
EndProject
Global
	GlobalSection(SolutionConfigurationPlatforms) = preSolution
		Debug|Any CPU = Debug|Any CPU
		Release|Any CPU = Release|Any CPU
	EndGlobalSection
	GlobalSection(ProjectConfigurationPlatforms) = postSolution
		{0649230B-549B-4B41-BC79-B2337A872AA1}.Debug|Any CPU.ActiveCfg = Debug|Any CPU
		{0649230B-549B-4B41-BC79-B2337A872AA1}.Debug|Any CPU.Build.0 = Debug|Any CPU
		{0649230B-549B-4B41-BC79-B2337A872AA1}.Release|Any CPU.ActiveCfg = Release|Any CPU
		{0649230B-549B-4B41-BC79-B2337A872AA1}.Release|Any CPU.Build.0 = Release|Any CPU
		{5288F717-6AA6-4DA1-ABA3-C78318246EDD}.Debug|Any CPU.ActiveCfg = Debug|Any CPU
		{5288F717-6AA6-4DA1-ABA3-C78318246EDD}.Debug|Any CPU.Build.0 = Debug|Any CPU
		{5288F717-6AA6-4DA1-ABA3-C78318246EDD}.Release|Any CPU.ActiveCfg = Release|Any CPU
		{5288F717-6AA6-4DA1-ABA3-C78318246EDD}.Release|Any CPU.Build.0 = Release|Any CPU
	EndGlobalSection
	GlobalSection(SolutionProperties) = preSolution
		HideSolutionNode = FALSE
	EndGlobalSection
	GlobalSection(NestedProjects) = preSolution
		{0649230B-549B-4B41-BC79-B2337A872AA1} = {4CABB139-88F3-4673-BFD4-76D7F4031C34}
		{5288F717-6AA6-4DA1-ABA3-C78318246EDD} = {43A4631E-7C4D-4DA2-9968-2226B69863D2}
	EndGlobalSection
	GlobalSection(ExtensibilityGlobals) = postSolution
		SolutionGuid = {C169778B-E133-411C-B78B-EF72B4106775}
	EndGlobalSection
EndGlobal
